{
  "requires": true,
  "lockfileVersion": 1,
  "dependencies": {
    "@iconify/icons-icomoon-free": {
      "version": "1.0.5",
      "resolved": "https://registry.npmjs.org/@iconify/icons-icomoon-free/-/icons-icomoon-free-1.0.5.tgz",
      "integrity": "sha512-+BLKPxnrlGCFjBePpFoB4XFgdJmsuHObv0NmqTvjh1/i30PKwdLzoaRd7hqZuyCJkUKODv0WEXEBd8/jKKk4hw=="
    },
    "@iconify/icons-mdi": {
      "version": "1.0.93",
      "resolved": "https://registry.npmjs.org/@iconify/icons-mdi/-/icons-mdi-1.0.93.tgz",
      "integrity": "sha512-Vp5Dzci4NH4GZimhUu732Uem82/haZLWGHoFC026YG6gsLN3WMZzole4x9JSZxsjCV/NmruV1LRuQakKRlB4+w==",
      "dev": true
    },
    "@iconify/react": {
      "version": "1.1.3",
      "resolved": "https://registry.npmjs.org/@iconify/react/-/react-1.1.3.tgz",
      "integrity": "sha512-ReZNJyr89AfED6XZIXkhsJiNv2taT3j1cTo1HVPHMsrKOz6gAYdXtD2kDWF6+GVoFUxpmnO0fMcA6yCyTf6Tow==",
      "dev": true
    }
  }
}
